{
  "lockfileVersion": 1,
  "workspaces": {
    "": {
      "dependencies": {
        "fern-api": "^0.63.9",
      },
    },
  },
  "packages": {
    "fern-api": ["fern-api@0.63.9", "", { "bin": { "fern": "cli.cjs" } }, "sha512-tL9kJp04VA+ibVlocvs+iYjvbKhXqA2qofQs5DojxvBxos7Gow4QMb8ZqhxavljY26vCkZEQuE11P39pr7owvg=="],
  }
}
